
Microsoft Visual Studio Solution File, Format Version 12.00
# Visual Studio 15
VisualStudioVersion = 15.0.27703.2042
MinimumVisualStudioVersion = 10.0.40219.1
Project("{FAE04EC0-301F-11D3-BF4B-00C04F79EFBC}") = "WestPac", "WestPac\WestPac.csproj", "{22F9FB4A-C7CE-4ED0-93D9-5F11343D406B}"
EndProject
Global
	GlobalSection(SolutionConfigurationPlatforms) = preSolution
		Debug|Any CPU = Debug|Any CPU
		Release|Any CPU = Release|Any CPU
	EndGlobalSection
	GlobalSection(ProjectConfigurationPlatforms) = postSolution
		{22F9FB4A-C7CE-4ED0-93D9-5F11343D406B}.Debug|Any CPU.ActiveCfg = Debug|Any CPU
		{22F9FB4A-C7CE-4ED0-93D9-5F11343D406B}.Debug|Any CPU.Build.0 = Debug|Any CPU
		{22F9FB4A-C7CE-4ED0-93D9-5F11343D406B}.Release|Any CPU.ActiveCfg = Release|Any CPU
		{22F9FB4A-C7CE-4ED0-93D9-5F11343D406B}.Release|Any CPU.Build.0 = Release|Any CPU
	EndGlobalSection
	GlobalSection(SolutionProperties) = preSolution
		HideSolutionNode = FALSE
	EndGlobalSection
	GlobalSection(ExtensibilityGlobals) = postSolution
		SolutionGuid = {DCE88A94-1D66-4923-85F6-3A9124A788F5}
	EndGlobalSection
EndGlobal
